<?xml version="1.0" encoding="utf-8"?>
<Project ToolsVersion="4.0" xmlns="http://schemas.microsoft.com/developer/msbuild/2003">
  <ItemGroup>
    <ClCompile Include="GameStates\Game.cpp">
      <Filter>GameStates</Filter>
    </ClCompile>
    <ClCompile Include="Maps\RPGMaps.cpp">
      <Filter>Maps</Filter>
    </ClCompile>
    <ClCompile Include="Main.cpp" />
    <ClCompile Include="Units\RPGUnits.cpp">
      <Filter>Units</Filter>
    </ClCompile>
    <ClCompile Include="Units\Player.cpp">
      <Filter>Units</Filter>
    </ClCompile>
  </ItemGroup>
  <ItemGroup>
    <ClInclude Include="GameStates\Game.hpp">
      <Filter>GameStates</Filter>
    </ClInclude>
    <ClInclude Include="Maps\ICC.hpp">
      <Filter>Maps</Filter>
    </ClInclude>
    <ClInclude Include="Maps\RPGMaps.hpp">
      <Filter>Maps</Filter>
    </ClInclude>
    <ClInclude Include="Units\RPGUnits.hpp">
      <Filter>Units</Filter>
    </ClInclude>
    <ClInclude Include="Units\Player.hpp">
      <Filter>Units</Filter>
    </ClInclude>
  </ItemGroup>
  <ItemGroup>
    <Filter Include="GameStates">
      <UniqueIdentifier>{a612ab47-778d-4d66-9161-2eb9153f8f12}</UniqueIdentifier>
    </Filter>
    <Filter Include="Maps">
      <UniqueIdentifier>{edb712f9-308a-46e4-aef7-d050a830ad67}</UniqueIdentifier>
    </Filter>
    <Filter Include="Units">
      <UniqueIdentifier>{2acd40dd-3fc2-42d4-a28b-d2702b801a83}</UniqueIdentifier>
    </Filter>
    <Filter Include="Units\AI">
      <UniqueIdentifier>{5994a4a4-77c6-411b-9ebc-0a7cb4cbf172}</UniqueIdentifier>
    </Filter>
  </ItemGroup>
</Project>