<?xml version="1.0" encoding="utf-8"?>
<Project ToolsVersion="4.0" xmlns="http://schemas.microsoft.com/developer/msbuild/2003">
  <ItemGroup>
    <ClCompile Include="Main.cpp" />
  </ItemGroup>
  <ItemGroup>
    <ClInclude Include="Lib\Client.hpp">
      <Filter>Lib</Filter>
    </ClInclude>
    <ClInclude Include="Lib\Selectable.hpp">
      <Filter>Lib</Filter>
    </ClInclude>
    <ClInclude Include="Lib\Server.hpp">
      <Filter>Lib</Filter>
    </ClInclude>
    <ClInclude Include="Lib\Utilities\CircularBuffer.hpp">
      <Filter>Lib\Utilities</Filter>
    </ClInclude>
    <ClInclude Include="Lib\Utilities\Semaphore.hpp">
      <Filter>Lib\Utilities</Filter>
    </ClInclude>
    <ClInclude Include="Lib\Utilities\Config.hpp">
      <Filter>Lib\Utilities</Filter>
    </ClInclude>
    <ClInclude Include="Lib\Utilities\Scheduler.hpp">
      <Filter>Lib\Utilities</Filter>
    </ClInclude>
  </ItemGroup>
  <ItemGroup>
    <Filter Include="Lib">
      <UniqueIdentifier>{6a35951a-d7e3-4aaa-9f3e-b68c1ddf1f53}</UniqueIdentifier>
    </Filter>
    <Filter Include="Lib\Utilities">
      <UniqueIdentifier>{56cddbe8-1d03-4529-8422-05005a90c148}</UniqueIdentifier>
    </Filter>
  </ItemGroup>
</Project>