<?xml version="1.0" encoding="utf-8"?>
<Project ToolsVersion="4.0" xmlns="http://schemas.microsoft.com/developer/msbuild/2003">
  <ItemGroup>
    <ClCompile Include="Main.cpp" />
    <ClCompile Include="GameStates\Game.cpp">
      <Filter>GameStates</Filter>
    </ClCompile>
    <ClCompile Include="Maps\RTBMaps.cpp">
      <Filter>Maps</Filter>
    </ClCompile>
    <ClCompile Include="Units\RTBUnits.cpp">
      <Filter>Units</Filter>
    </ClCompile>
    <ClCompile Include="Units\Player.cpp">
      <Filter>Units</Filter>
    </ClCompile>
    <ClCompile Include="Units\BallUnit.cpp">
      <Filter>Units</Filter>
    </ClCompile>
    <ClCompile Include="Networking\Networking.cpp">
      <Filter>Networking</Filter>
    </ClCompile>
  </ItemGroup>
  <ItemGroup>
    <Filter Include="GameStates">
      <UniqueIdentifier>{63982398-3ae3-47c4-a049-a1c044cedf01}</UniqueIdentifier>
    </Filter>
    <Filter Include="Maps">
      <UniqueIdentifier>{257f2f42-1f11-414e-b307-d22e125c5003}</UniqueIdentifier>
    </Filter>
    <Filter Include="Units">
      <UniqueIdentifier>{624393c4-0dcf-4b0b-8916-72172d99c8ef}</UniqueIdentifier>
    </Filter>
    <Filter Include="AssetsGenerator">
      <UniqueIdentifier>{4aeb6922-1ce9-4677-9476-9a2faa63be5f}</UniqueIdentifier>
    </Filter>
    <Filter Include="AssetsGenerator\Maps">
      <UniqueIdentifier>{15dcdfe2-18e6-4751-97fa-df79bc390ba2}</UniqueIdentifier>
    </Filter>
    <Filter Include="Networking">
      <UniqueIdentifier>{9d4544d1-63b1-4776-b4ee-6cb65413a7c6}</UniqueIdentifier>
    </Filter>
  </ItemGroup>
  <ItemGroup>
    <ClInclude Include="GameStates\Game.hpp">
      <Filter>GameStates</Filter>
    </ClInclude>
    <ClInclude Include="Maps\RTBMaps.hpp">
      <Filter>Maps</Filter>
    </ClInclude>
    <ClInclude Include="Maps\Test.hpp">
      <Filter>Maps</Filter>
    </ClInclude>
    <ClInclude Include="Units\RTBUnits.hpp">
      <Filter>Units</Filter>
    </ClInclude>
    <ClInclude Include="Units\Player.hpp">
      <Filter>Units</Filter>
    </ClInclude>
    <ClInclude Include="AssetsGenerator\AssetsGenerator.hpp">
      <Filter>AssetsGenerator</Filter>
    </ClInclude>
    <ClInclude Include="AssetsGenerator\Maps\Test.hpp">
      <Filter>AssetsGenerator\Maps</Filter>
    </ClInclude>
    <ClInclude Include="Units\BallUnit.hpp">
      <Filter>Units</Filter>
    </ClInclude>
    <ClInclude Include="Networking\Networking.hpp">
      <Filter>Networking</Filter>
    </ClInclude>
  </ItemGroup>
</Project>